Microsoft Visual Studio Solution File, Format Version 12.00
# Visual Studio Version 17
VisualStudioVersion = 17.13.35825.156
MinimumVisualStudioVersion = 10.0.40219.1
Project("{2150E333-8FDC-42A3-9474-1A3956D46DE8}") = "src", "src", "{02EA681E-C7D8-13C7-8484-4AC65E1B71E8}"
EndProject
Project("{FAE04EC0-301F-11D3-BF4B-00C04F79EFBC}") = "TheBoys.API", "src\TheBoys.API\TheBoys.API.csproj", "{3885B0AD-C7F3-4A85-9E9A-4057BB158013}"
EndProject
Global
	GlobalSection(SolutionConfigurationPlatforms) = preSolution
		Debug|Any CPU = Debug|Any CPU
		Release|Any CPU = Release|Any CPU
	EndGlobalSection
	GlobalSection(ProjectConfigurationPlatforms) = postSolution
		{3885B0AD-C7F3-4A85-9E9A-4057BB158013}.Debug|Any CPU.ActiveCfg = Debug|Any CPU
		{3885B0AD-C7F3-4A85-9E9A-4057BB158013}.Debug|Any CPU.Build.0 = Debug|Any CPU
		{3885B0AD-C7F3-4A85-9E9A-4057BB158013}.Release|Any CPU.ActiveCfg = Release|Any CPU
		{3885B0AD-C7F3-4A85-9E9A-4057BB158013}.Release|Any CPU.Build.0 = Release|Any CPU
	EndGlobalSection
	GlobalSection(SolutionProperties) = preSolution
		HideSolutionNode = FALSE
	EndGlobalSection
	GlobalSection(NestedProjects) = preSolution
		{3885B0AD-C7F3-4A85-9E9A-4057BB158013} = {02EA681E-C7D8-13C7-8484-4AC65E1B71E8}
	EndGlobalSection
	GlobalSection(ExtensibilityGlobals) = postSolution
		SolutionGuid = {81759F07-BA3D-4C41-89FF-80F48A3C52CE}
	EndGlobalSection
EndGlobal
